<?xml version="1.0" encoding="utf-8"?>
<Project ToolsVersion="4.0" xmlns="http://schemas.microsoft.com/developer/msbuild/2003">
  <ItemGroup>
    <Filter Include="Assets">
      <UniqueIdentifier>{3824E0A7-24C6-0A7E-0D81-1ED2F9C191CE}</UniqueIdentifier>
    </Filter>
    <Filter Include="Assets\Sprites">
      <UniqueIdentifier>{B1E2C0E5-9DB0-B4EB-8644-251272B19050}</UniqueIdentifier>
    </Filter>
    <Filter Include="Libraries">
      <UniqueIdentifier>{0259E1F6-6EC3-956D-B701-471323AB73C2}</UniqueIdentifier>
    </Filter>
    <Filter Include="Libraries\nlohmann">
      <UniqueIdentifier>{4C77C263-385B-83B9-A1BB-7D0C8DBE6D3B}</UniqueIdentifier>
    </Filter>
    <Filter Include="Settings">
      <UniqueIdentifier>{F63FCA8A-E20C-2596-0B26-133EF7515A24}</UniqueIdentifier>
    </Filter>
    <Filter Include="Source">
      <UniqueIdentifier>{56EB95D1-428D-C0A7-2B48-D4FB178947F8}</UniqueIdentifier>
    </Filter>
    <Filter Include="Source\Commands">
      <UniqueIdentifier>{57A7BC16-C332-2ADB-CC43-ADCF384E86DB}</UniqueIdentifier>
    </Filter>
    <Filter Include="Source\Core">
      <UniqueIdentifier>{6E95150F-DA4A-8E04-633F-88DBCFF38408}</UniqueIdentifier>
    </Filter>
    <Filter Include="Source\Core\Tags">
      <UniqueIdentifier>{0C64F458-F85C-13AB-218F-F82F0DE7F2B6}</UniqueIdentifier>
    </Filter>
    <Filter Include="Source\Engine">
      <UniqueIdentifier>{1BF9622F-87B9-DE65-50F4-27E3BC732342}</UniqueIdentifier>
    </Filter>
    <Filter Include="Source\Engine\Components">
      <UniqueIdentifier>{5017CDCA-3C3C-1C4B-6587-01DB510B1B69}</UniqueIdentifier>
    </Filter>
    <Filter Include="Source\Engine\Components\Collision">
      <UniqueIdentifier>{6BB08798-57EC-8A02-C0FE-A2F9AC59331D}</UniqueIdentifier>
    </Filter>
    <Filter Include="Source\Engine\Components\Sprite">
      <UniqueIdentifier>{961A98AC-02FE-A6EC-0B01-D52877636D3D}</UniqueIdentifier>
    </Filter>
    <Filter Include="Source\Engine\Components\Transform">
      <UniqueIdentifier>{1B5328D0-078F-2B3A-70A1-43315CFCD354}</UniqueIdentifier>
    </Filter>
    <Filter Include="Source\Interfaces">
      <UniqueIdentifier>{E9CD5691-55E4-5427-9E5B-E0480AB125AF}</UniqueIdentifier>
    </Filter>
    <Filter Include="Source\Map">
      <UniqueIdentifier>{A3C0C236-8F78-0484-F87F-DDDFE4569F74}</UniqueIdentifier>
    </Filter>
    <Filter Include="Source\Objects">
      <UniqueIdentifier>{0F80BE01-FB4D-B207-E4E1-222ED04E8E6C}</UniqueIdentifier>
    </Filter>
    <Filter Include="Source\Objects\Input">
      <UniqueIdentifier>{4EBF51EC-3A4E-DBB5-E36C-EFB0CFDAEB5B}</UniqueIdentifier>
    </Filter>
    <Filter Include="Source\Player">
      <UniqueIdentifier>{B27FE448-1E40-607F-E77A-A9FC53FAA45B}</UniqueIdentifier>
    </Filter>
    <Filter Include="Source\Utils">
      <UniqueIdentifier>{369510F3-22F8-9F97-CB7D-D84DB7BF6B1A}</UniqueIdentifier>
    </Filter>
  </ItemGroup>
  <ItemGroup>
    <ClInclude Include="Libraries\nlohmann\json.hpp">
      <Filter>Libraries\nlohmann</Filter>
    </ClInclude>
    <ClInclude Include="Libraries\nlohmann\json_fwd.hpp">
      <Filter>Libraries\nlohmann</Filter>
    </ClInclude>
    <ClInclude Include="Source\Commands\MoveDownCommand.h">
      <Filter>Source\Commands</Filter>
    </ClInclude>
    <ClInclude Include="Source\Commands\MoveLeftCommand.h">
      <Filter>Source\Commands</Filter>
    </ClInclude>
    <ClInclude Include="Source\Commands\MoveRightCommand.h">
      <Filter>Source\Commands</Filter>
    </ClInclude>
    <ClInclude Include="Source\Commands\MoveUpCommand.h">
      <Filter>Source\Commands</Filter>
    </ClInclude>
    <ClInclude Include="Source\Core\Game.h">
      <Filter>Source\Core</Filter>
    </ClInclude>
    <ClInclude Include="Source\Core\Tags\CollisionTags.h">
      <Filter>Source\Core\Tags</Filter>
    </ClInclude>
    <ClInclude Include="Source\Engine\Components\Collision\BoxCollider.h">
      <Filter>Source\Engine\Components\Collision</Filter>
    </ClInclude>
    <ClInclude Include="Source\Engine\Components\Collision\Collider.h">
      <Filter>Source\Engine\Components\Collision</Filter>
    </ClInclude>
    <ClInclude Include="Source\Engine\Components\Collision\CollisionManager.h">
      <Filter>Source\Engine\Components\Collision</Filter>
    </ClInclude>
    <ClInclude Include="Source\Engine\Components\Collision\LineSegment.h">
      <Filter>Source\Engine\Components\Collision</Filter>
    </ClInclude>
    <ClInclude Include="Source\Engine\Components\Component.h">
      <Filter>Source\Engine\Components</Filter>
    </ClInclude>
    <ClInclude Include="Source\Engine\Components\Sprite\Sprite.h">
      <Filter>Source\Engine\Components\Sprite</Filter>
    </ClInclude>
    <ClInclude Include="Source\Engine\Components\Transform\Transform.h">
      <Filter>Source\Engine\Components\Transform</Filter>
    </ClInclude>
    <ClInclude Include="Source\Engine\EngineManager.h">
      <Filter>Source\Engine</Filter>
    </ClInclude>
    <ClInclude Include="Source\Engine\GameObject.h">
      <Filter>Source\Engine</Filter>
    </ClInclude>
    <ClInclude Include="Source\Interfaces\Command.h">
      <Filter>Source\Interfaces</Filter>
    </ClInclude>
    <ClInclude Include="Source\Map\Map.h">
      <Filter>Source\Map</Filter>
    </ClInclude>
    <ClInclude Include="Source\Map\Tile.h">
      <Filter>Source\Map</Filter>
    </ClInclude>
    <ClInclude Include="Source\Objects\Input\InputManager.h">
      <Filter>Source\Objects\Input</Filter>
    </ClInclude>
    <ClInclude Include="Source\Objects\Input\InputSystem.h">
      <Filter>Source\Objects\Input</Filter>
    </ClInclude>
    <ClInclude Include="Source\Objects\Input\KeyboardState.h">
      <Filter>Source\Objects\Input</Filter>
    </ClInclude>
    <ClInclude Include="Source\Player\Player.h">
      <Filter>Source\Player</Filter>
    </ClInclude>
    <ClInclude Include="Source\Utils\ConfigHandler.h">
      <Filter>Source\Utils</Filter>
    </ClInclude>
    <ClInclude Include="Source\Utils\Vector2.h">
      <Filter>Source\Utils</Filter>
    </ClInclude>
  </ItemGroup>
  <ItemGroup>
    <ClCompile Include="Source\Core\Game.cpp">
      <Filter>Source\Core</Filter>
    </ClCompile>
    <ClCompile Include="Source\Engine\Components\Collision\BoxCollider.cpp">
      <Filter>Source\Engine\Components\Collision</Filter>
    </ClCompile>
    <ClCompile Include="Source\Engine\Components\Collision\Collider.cpp">
      <Filter>Source\Engine\Components\Collision</Filter>
    </ClCompile>
    <ClCompile Include="Source\Engine\Components\Collision\CollisionManager.cpp">
      <Filter>Source\Engine\Components\Collision</Filter>
    </ClCompile>
    <ClCompile Include="Source\Engine\Components\Collision\LineSegment.cpp">
      <Filter>Source\Engine\Components\Collision</Filter>
    </ClCompile>
    <ClCompile Include="Source\Engine\Components\Component.cpp">
      <Filter>Source\Engine\Components</Filter>
    </ClCompile>
    <ClCompile Include="Source\Engine\Components\Sprite\Sprite.cpp">
      <Filter>Source\Engine\Components\Sprite</Filter>
    </ClCompile>
    <ClCompile Include="Source\Engine\Components\Transform\Transform.cpp">
      <Filter>Source\Engine\Components\Transform</Filter>
    </ClCompile>
    <ClCompile Include="Source\Engine\EngineManager.cpp">
      <Filter>Source\Engine</Filter>
    </ClCompile>
    <ClCompile Include="Source\Engine\GameObject.cpp">
      <Filter>Source\Engine</Filter>
    </ClCompile>
    <ClCompile Include="Source\Map\Map.cpp">
      <Filter>Source\Map</Filter>
    </ClCompile>
    <ClCompile Include="Source\Map\Tile.cpp">
      <Filter>Source\Map</Filter>
    </ClCompile>
    <ClCompile Include="Source\Objects\Input\InputManager.cpp">
      <Filter>Source\Objects\Input</Filter>
    </ClCompile>
    <ClCompile Include="Source\Objects\Input\InputSystem.cpp">
      <Filter>Source\Objects\Input</Filter>
    </ClCompile>
    <ClCompile Include="Source\Objects\Input\KeyboardState.cpp">
      <Filter>Source\Objects\Input</Filter>
    </ClCompile>
    <ClCompile Include="Source\Player\Player.cpp">
      <Filter>Source\Player</Filter>
    </ClCompile>
    <ClCompile Include="Source\Utils\ConfigHandler.cpp">
      <Filter>Source\Utils</Filter>
    </ClCompile>
    <ClCompile Include="Source\Utils\Vector2.cpp">
      <Filter>Source\Utils</Filter>
    </ClCompile>
    <ClCompile Include="Source\main.cpp">
      <Filter>Source</Filter>
    </ClCompile>
  </ItemGroup>
  <ItemGroup>
    <None Include="Settings\MapsConfig.json">
      <Filter>Settings</Filter>
    </None>
    <None Include="Settings\PlayerConfig.json">
      <Filter>Settings</Filter>
    </None>
    <None Include="Settings\TileConfig.json">
      <Filter>Settings</Filter>
    </None>
    <None Include="Settings\WindowConfig.json">
      <Filter>Settings</Filter>
    </None>
  </ItemGroup>
  <ItemGroup>
    <Image Include="Assets\Sprites\floor.png">
      <Filter>Assets\Sprites</Filter>
    </Image>
    <Image Include="Assets\Sprites\player.png">
      <Filter>Assets\Sprites</Filter>
    </Image>
    <Image Include="Assets\Sprites\player_green.png">
      <Filter>Assets\Sprites</Filter>
    </Image>
    <Image Include="Assets\Sprites\wall.png">
      <Filter>Assets\Sprites</Filter>
    </Image>
  </ItemGroup>
</Project>